{
  "name": "riscv-toolbox",
  "lockfileVersion": 3,
  "requires": true,
  "packages": {
    "": {
      "name": "riscv-toolbox",
      "hasInstallScript": true,
      "devDependencies": {
        "isa-toolkit": "git+https://github.com/RomainMichau/isa-toolkit.git#v1.1.0"
      }
    },
    "node_modules/isa-toolkit": {
      "version": "1.0.0",
      "resolved": "git+ssh://git@github.com/RomainMichau/isa-toolkit.git#44cf6546c5b0c077ce0f289b2ddefc4931a4c2b9",
      "dev": true
    }
  }
}
